
Microsoft Visual Studio Solution File, Format Version 12.00
Project("{FAE04EC0-301F-11D3-BF4B-00C04F79EFBC}") = "WebApplication1", "WebApplication1.csproj", "{95556AF5-89DC-497F-A0D4-5C7972313E3A}"
EndProject
Global
	GlobalSection(SolutionConfigurationPlatforms) = preSolution
		Debug|Any CPU = Debug|Any CPU
		Release|Any CPU = Release|Any CPU
	EndGlobalSection
	GlobalSection(ProjectConfigurationPlatforms) = postSolution
		{95556AF5-89DC-497F-A0D4-5C7972313E3A}.Debug|Any CPU.ActiveCfg = Debug|Any CPU
		{95556AF5-89DC-497F-A0D4-5C7972313E3A}.Debug|Any CPU.Build.0 = Debug|Any CPU
		{95556AF5-89DC-497F-A0D4-5C7972313E3A}.Release|Any CPU.ActiveCfg = Release|Any CPU
		{95556AF5-89DC-497F-A0D4-5C7972313E3A}.Release|Any CPU.Build.0 = Release|Any CPU
	EndGlobalSection
EndGlobal
